<?xml version="1.0" encoding="utf-8"?>
<Project ToolsVersion="4.0" xmlns="http://schemas.microsoft.com/developer/msbuild/2003">
  <ItemGroup>
    <Filter Include="src">
      <UniqueIdentifier>{e0203b59-054d-4619-9f77-42b65acdd45e}</UniqueIdentifier>
    </Filter>
    <Filter Include="assets">
      <UniqueIdentifier>{81f4c175-3469-46b5-9162-0697f14daf42}</UniqueIdentifier>
    </Filter>
    <Filter Include="src\Header Files">
      <UniqueIdentifier>{93995380-89BD-4b04-88EB-625FBE52EBFB}</UniqueIdentifier>
      <Extensions>h;hh;hpp;hxx;h++;hm;inl;inc;ipp;xsd</Extensions>
    </Filter>
    <Filter Include="src\rendering">
      <UniqueIdentifier>{b799e2be-5f1d-4d98-b9af-dee001fb0008}</UniqueIdentifier>
    </Filter>
    <Filter Include="assets\shaders">
      <UniqueIdentifier>{b5950c76-84f2-432c-bda9-ec53cb9ef1aa}</UniqueIdentifier>
    </Filter>
  </ItemGroup>
  <ItemGroup>
    <ClInclude Include="src\Callbacks.h">
      <Filter>src\Header Files</Filter>
    </ClInclude>
    <ClInclude Include="src\Utilities.h">
      <Filter>src\Header Files</Filter>
    </ClInclude>
    <ClInclude Include="src\DrawDetails.h">
      <Filter>src\Header Files</Filter>
    </ClInclude>
    <ClInclude Include="src\OpenGLDraw.h">
      <Filter>src\rendering</Filter>
    </ClInclude>
    <ClInclude Include="src\OpenGLLoader.h">
      <Filter>src\rendering</Filter>
    </ClInclude>
    <ClInclude Include="src\Input.h">
      <Filter>src\Header Files</Filter>
    </ClInclude>
    <ClInclude Include="src\GLSLShaderLoader.h">
      <Filter>src\rendering</Filter>
    </ClInclude>
    <ClInclude Include="resource.h">
      <Filter>src\Header Files</Filter>
    </ClInclude>
    <ClInclude Include="src\core\shaders\Shader.h">
      <Filter>src\Header Files</Filter>
    </ClInclude>
    <ClInclude Include="src\core\Vector.h">
      <Filter>src\Header Files</Filter>
    </ClInclude>
    <ClInclude Include="Asset.h">
      <Filter>src\Header Files</Filter>
    </ClInclude>
    <ClInclude Include="src\core\assets\Asset.h">
      <Filter>src\Header Files</Filter>
    </ClInclude>
    <ClInclude Include="src\core\assets\TextAsset.hpp">
      <Filter>src\Header Files</Filter>
    </ClInclude>
    <ClInclude Include="src\core\assets\Assets.hpp">
      <Filter>src\Header Files</Filter>
    </ClInclude>
    <ClInclude Include="src\core\Color.h">
      <Filter>src\Header Files</Filter>
    </ClInclude>
    <ClInclude Include="src\core\assets\ModelAsset.hpp">
      <Filter>src\Header Files</Filter>
    </ClInclude>
    <ClInclude Include="src\core\Mesh.hpp">
      <Filter>src\Header Files</Filter>
    </ClInclude>
    <ClInclude Include="src\core\Vertex.h">
      <Filter>src\Header Files</Filter>
    </ClInclude>
    <ClInclude Include="src\core\Vector2.h">
      <Filter>src\Header Files</Filter>
    </ClInclude>
  </ItemGroup>
  <ItemGroup>
    <ClCompile Include="src\Source.cpp">
      <Filter>src</Filter>
    </ClCompile>
    <ClCompile Include="src\core\assets\Assets.cpp" />
    <ClCompile Include="src\core\shaders\Shader.cpp" />
    <ClCompile Include="src\core\Mesh.cpp" />
  </ItemGroup>
  <ItemGroup>
    <None Include="assets\shaders\lit.frag" />
    <None Include="assets\shaders\lit.vert" />
    <None Include="C:\Programming\Project Painter\Assets\Models\Jayne\Jayne.fbx" />
  </ItemGroup>
</Project>